// !$*UTF8*$!
{
	archiveVersion = 1;
	classes = {
	};
	objectVersion = 51;
	objects = {

/* Begin PBXBuildFile section */
		8924626C26883A1900025870 /* EditarView.swift in Sources */ = {isa = PBXBuildFile; fileRef = 8924626B26883A1900025870 /* EditarView.swift */; };
		89A056132686CECA002FDBE0 /* FirebaseModel.swift in Sources */ = {isa = PBXBuildFile; fileRef = 89A056122686CECA002FDBE0 /* FirebaseModel.swift */; };
		89A056162686DA9E002FDBE0 /* PortadaViewModel.swift in Sources */ = {isa = PBXBuildFile; fileRef = 89A056152686DA9E002FDBE0 /* PortadaViewModel.swift */; };
		89A056192686DC21002FDBE0 /* ImagenFirebase.swift in Sources */ = {isa = PBXBuildFile; fileRef = 89A056182686DC21002FDBE0 /* ImagenFirebase.swift */; };
		89A0561D2686EDC3002FDBE0 /* ListView.swift in Sources */ = {isa = PBXBuildFile; fileRef = 89A0561C2686EDC3002FDBE0 /* ListView.swift */; };
		89BBCC642684302B0047E67E /* GoogleService-Info.plist in Resources */ = {isa = PBXBuildFile; fileRef = 89BBCC632684302B0047E67E /* GoogleService-Info.plist */; };
		89BBCC7C2684478E0047E67E /* AppDelegate.swift in Sources */ = {isa = PBXBuildFile; fileRef = 89BBCC7B2684478E0047E67E /* AppDelegate.swift */; };
		89BBCC80268449B00047E67E /* FirebaseViewModel.swift in Sources */ = {isa = PBXBuildFile; fileRef = 89BBCC7F268449B00047E67E /* FirebaseViewModel.swift */; };
		89BBCC8326845E800047E67E /* Login.swift in Sources */ = {isa = PBXBuildFile; fileRef = 89BBCC8226845E800047E67E /* Login.swift */; };
		89F38A4826851994002427BE /* Register.swift in Sources */ = {isa = PBXBuildFile; fileRef = 89F38A4726851994002427BE /* Register.swift */; };
		89F38A4B26858AAB002427BE /* AddView.swift in Sources */ = {isa = PBXBuildFile; fileRef = 89F38A4A26858AAB002427BE /* AddView.swift */; };
		89F38A4E2685BBB0002427BE /* ImagePicker.swift in Sources */ = {isa = PBXBuildFile; fileRef = 89F38A4D2685BBB0002427BE /* ImagePicker.swift */; };
		CD0FFFC7AB1BB04117BE3FE1 /* Pods_IphoneIpadFirebase.framework in Frameworks */ = {isa = PBXBuildFile; fileRef = 7FE128D89CABEB9313B88D8C /* Pods_IphoneIpadFirebase.framework */; };
		CFE73A3F25B75D9D002DB2A6 /* IphoneIpadFirebaseApp.swift in Sources */ = {isa = PBXBuildFile; fileRef = CFE73A3E25B75D9D002DB2A6 /* IphoneIpadFirebaseApp.swift */; };
		CFE73A4125B75D9D002DB2A6 /* ContentView.swift in Sources */ = {isa = PBXBuildFile; fileRef = CFE73A4025B75D9D002DB2A6 /* ContentView.swift */; };
		CFE73A4325B75D9F002DB2A6 /* Assets.xcassets in Resources */ = {isa = PBXBuildFile; fileRef = CFE73A4225B75D9F002DB2A6 /* Assets.xcassets */; };
		CFE73A4625B75D9F002DB2A6 /* Preview Assets.xcassets in Resources */ = {isa = PBXBuildFile; fileRef = CFE73A4525B75D9F002DB2A6 /* Preview Assets.xcassets */; };
		CFE73A5125B76522002DB2A6 /* Home.swift in Sources */ = {isa = PBXBuildFile; fileRef = CFE73A5025B76521002DB2A6 /* Home.swift */; };
		CFE73A5425B7653E002DB2A6 /* NavBar.swift in Sources */ = {isa = PBXBuildFile; fileRef = CFE73A5325B7653E002DB2A6 /* NavBar.swift */; };
		CFE73A5725B7654B002DB2A6 /* CardView.swift in Sources */ = {isa = PBXBuildFile; fileRef = CFE73A5625B7654B002DB2A6 /* CardView.swift */; };
		CFE73A5A25B76559002DB2A6 /* ButtonView.swift in Sources */ = {isa = PBXBuildFile; fileRef = CFE73A5925B76559002DB2A6 /* ButtonView.swift */; };
/* End PBXBuildFile section */

/* Begin PBXFileReference section */
		5E0E50457CBA6B9CB2034A1B /* Pods-IphoneIpadFirebase.debug.xcconfig */ = {isa = PBXFileReference; includeInIndex = 1; lastKnownFileType = text.xcconfig; name = "Pods-IphoneIpadFirebase.debug.xcconfig"; path = "Target Support Files/Pods-IphoneIpadFirebase/Pods-IphoneIpadFirebase.debug.xcconfig"; sourceTree = "<group>"; };
		7FE128D89CABEB9313B88D8C /* Pods_IphoneIpadFirebase.framework */ = {isa = PBXFileReference; explicitFileType = wrapper.framework; includeInIndex = 0; path = Pods_IphoneIpadFirebase.framework; sourceTree = BUILT_PRODUCTS_DIR; };
		8924626B26883A1900025870 /* EditarView.swift */ = {isa = PBXFileReference; lastKnownFileType = sourcecode.swift; path = EditarView.swift; sourceTree = "<group>"; };
		89A056122686CECA002FDBE0 /* FirebaseModel.swift */ = {isa = PBXFileReference; lastKnownFileType = sourcecode.swift; path = FirebaseModel.swift; sourceTree = "<group>"; };
		89A056152686DA9E002FDBE0 /* PortadaViewModel.swift */ = {isa = PBXFileReference; lastKnownFileType = sourcecode.swift; path = PortadaViewModel.swift; sourceTree = "<group>"; };
		89A056182686DC21002FDBE0 /* ImagenFirebase.swift */ = {isa = PBXFileReference; lastKnownFileType = sourcecode.swift; path = ImagenFirebase.swift; sourceTree = "<group>"; };
		89A0561C2686EDC3002FDBE0 /* ListView.swift */ = {isa = PBXFileReference; lastKnownFileType = sourcecode.swift; path = ListView.swift; sourceTree = "<group>"; };
		89BBCC632684302B0047E67E /* GoogleService-Info.plist */ = {isa = PBXFileReference; fileEncoding = 4; lastKnownFileType = text.plist.xml; path = "GoogleService-Info.plist"; sourceTree = "<group>"; };
		89BBCC7B2684478E0047E67E /* AppDelegate.swift */ = {isa = PBXFileReference; lastKnownFileType = sourcecode.swift; path = AppDelegate.swift; sourceTree = "<group>"; };
		89BBCC7F268449B00047E67E /* FirebaseViewModel.swift */ = {isa = PBXFileReference; lastKnownFileType = sourcecode.swift; path = FirebaseViewModel.swift; sourceTree = "<group>"; };
		89BBCC8226845E800047E67E /* Login.swift */ = {isa = PBXFileReference; lastKnownFileType = sourcecode.swift; path = Login.swift; sourceTree = "<group>"; };
		89F38A4726851994002427BE /* Register.swift */ = {isa = PBXFileReference; lastKnownFileType = sourcecode.swift; path = Register.swift; sourceTree = "<group>"; };
		89F38A4A26858AAB002427BE /* AddView.swift */ = {isa = PBXFileReference; lastKnownFileType = sourcecode.swift; path = AddView.swift; sourceTree = "<group>"; };
		89F38A4D2685BBB0002427BE /* ImagePicker.swift */ = {isa = PBXFileReference; lastKnownFileType = sourcecode.swift; path = ImagePicker.swift; sourceTree = "<group>"; };
		AE2BAEB3C909625A448EF146 /* Pods-IphoneIpadFirebase.release.xcconfig */ = {isa = PBXFileReference; includeInIndex = 1; lastKnownFileType = text.xcconfig; name = "Pods-IphoneIpadFirebase.release.xcconfig"; path = "Target Support Files/Pods-IphoneIpadFirebase/Pods-IphoneIpadFirebase.release.xcconfig"; sourceTree = "<group>"; };
		CFE73A3B25B75D9D002DB2A6 /* IphoneIpadFirebase.app */ = {isa = PBXFileReference; explicitFileType = wrapper.application; includeInIndex = 0; path = IphoneIpadFirebase.app; sourceTree = BUILT_PRODUCTS_DIR; };
		CFE73A3E25B75D9D002DB2A6 /* IphoneIpadFirebaseApp.swift */ = {isa = PBXFileReference; lastKnownFileType = sourcecode.swift; path = IphoneIpadFirebaseApp.swift; sourceTree = "<group>"; };
		CFE73A4025B75D9D002DB2A6 /* ContentView.swift */ = {isa = PBXFileReference; lastKnownFileType = sourcecode.swift; path = ContentView.swift; sourceTree = "<group>"; };
		CFE73A4225B75D9F002DB2A6 /* Assets.xcassets */ = {isa = PBXFileReference; lastKnownFileType = folder.assetcatalog; path = Assets.xcassets; sourceTree = "<group>"; };
		CFE73A4525B75D9F002DB2A6 /* Preview Assets.xcassets */ = {isa = PBXFileReference; lastKnownFileType = folder.assetcatalog; path = "Preview Assets.xcassets"; sourceTree = "<group>"; };
		CFE73A4725B75D9F002DB2A6 /* Info.plist */ = {isa = PBXFileReference; lastKnownFileType = text.plist.xml; path = Info.plist; sourceTree = "<group>"; };
		CFE73A5025B76521002DB2A6 /* Home.swift */ = {isa = PBXFileReference; lastKnownFileType = sourcecode.swift; path = Home.swift; sourceTree = "<group>"; };
		CFE73A5325B7653E002DB2A6 /* NavBar.swift */ = {isa = PBXFileReference; lastKnownFileType = sourcecode.swift; path = NavBar.swift; sourceTree = "<group>"; };
		CFE73A5625B7654B002DB2A6 /* CardView.swift */ = {isa = PBXFileReference; lastKnownFileType = sourcecode.swift; path = CardView.swift; sourceTree = "<group>"; };
		CFE73A5925B76559002DB2A6 /* ButtonView.swift */ = {isa = PBXFileReference; lastKnownFileType = sourcecode.swift; path = ButtonView.swift; sourceTree = "<group>"; };
/* End PBXFileReference section */

/* Begin PBXFrameworksBuildPhase section */
		CFE73A3825B75D9D002DB2A6 /* Frameworks */ = {
			isa = PBXFrameworksBuildPhase;
			buildActionMask = 2147483647;
			files = (
				CD0FFFC7AB1BB04117BE3FE1 /* Pods_IphoneIpadFirebase.framework in Frameworks */,
			);
			runOnlyForDeploymentPostprocessing = 0;
		};
/* End PBXFrameworksBuildPhase section */

/* Begin PBXGroup section */
		711B839D0576208A30ACADBC /* Pods */ = {
			isa = PBXGroup;
			children = (
				5E0E50457CBA6B9CB2034A1B /* Pods-IphoneIpadFirebase.debug.xcconfig */,
				AE2BAEB3C909625A448EF146 /* Pods-IphoneIpadFirebase.release.xcconfig */,
			);
			path = Pods;
			sourceTree = "<group>";
		};
		89A056112686CEA2002FDBE0 /* Model */ = {
			isa = PBXGroup;
			children = (
				89A056122686CECA002FDBE0 /* FirebaseModel.swift */,
			);
			path = Model;
			sourceTree = "<group>";
		};
		89BBCC7E268449890047E67E /* ViewModel */ = {
			isa = PBXGroup;
			children = (
				89BBCC7F268449B00047E67E /* FirebaseViewModel.swift */,
				89A056152686DA9E002FDBE0 /* PortadaViewModel.swift */,
			);
			path = ViewModel;
			sourceTree = "<group>";
		};
		CFE73A3225B75D9D002DB2A6 = {
			isa = PBXGroup;
			children = (
				CFE73A3D25B75D9D002DB2A6 /* IphoneIpadFirebase */,
				CFE73A3C25B75D9D002DB2A6 /* Products */,
				711B839D0576208A30ACADBC /* Pods */,
				F4F7D29E93BD8577AFAF19B3 /* Frameworks */,
			);
			sourceTree = "<group>";
		};
		CFE73A3C25B75D9D002DB2A6 /* Products */ = {
			isa = PBXGroup;
			children = (
				CFE73A3B25B75D9D002DB2A6 /* IphoneIpadFirebase.app */,
			);
			name = Products;
			sourceTree = "<group>";
		};
		CFE73A3D25B75D9D002DB2A6 /* IphoneIpadFirebase */ = {
			isa = PBXGroup;
			children = (
				89A056112686CEA2002FDBE0 /* Model */,
				89BBCC7E268449890047E67E /* ViewModel */,
				CFE73A4E25B764F1002DB2A6 /* View */,
				CFE73A3E25B75D9D002DB2A6 /* IphoneIpadFirebaseApp.swift */,
				CFE73A4025B75D9D002DB2A6 /* ContentView.swift */,
				CFE73A4225B75D9F002DB2A6 /* Assets.xcassets */,
				89BBCC632684302B0047E67E /* GoogleService-Info.plist */,
				CFE73A4725B75D9F002DB2A6 /* Info.plist */,
				CFE73A4425B75D9F002DB2A6 /* Preview Content */,
				89BBCC7B2684478E0047E67E /* AppDelegate.swift */,
			);
			path = IphoneIpadFirebase;
			sourceTree = "<group>";
		};
		CFE73A4425B75D9F002DB2A6 /* Preview Content */ = {
			isa = PBXGroup;
			children = (
				CFE73A4525B75D9F002DB2A6 /* Preview Assets.xcassets */,
			);
			path = "Preview Content";
			sourceTree = "<group>";
		};
		CFE73A4E25B764F1002DB2A6 /* View */ = {
			isa = PBXGroup;
			children = (
				CFE73A4F25B764F9002DB2A6 /* Elementos */,
				CFE73A5025B76521002DB2A6 /* Home.swift */,
				89BBCC8226845E800047E67E /* Login.swift */,
				89F38A4726851994002427BE /* Register.swift */,
				89F38A4A26858AAB002427BE /* AddView.swift */,
				8924626B26883A1900025870 /* EditarView.swift */,
			);
			path = View;
			sourceTree = "<group>";
		};
		CFE73A4F25B764F9002DB2A6 /* Elementos */ = {
			isa = PBXGroup;
			children = (
				89A056182686DC21002FDBE0 /* ImagenFirebase.swift */,
				CFE73A5325B7653E002DB2A6 /* NavBar.swift */,
				CFE73A5625B7654B002DB2A6 /* CardView.swift */,
				CFE73A5925B76559002DB2A6 /* ButtonView.swift */,
				89F38A4D2685BBB0002427BE /* ImagePicker.swift */,
				89A0561C2686EDC3002FDBE0 /* ListView.swift */,
			);
			path = Elementos;
			sourceTree = "<group>";
		};
		F4F7D29E93BD8577AFAF19B3 /* Frameworks */ = {
			isa = PBXGroup;
			children = (
				7FE128D89CABEB9313B88D8C /* Pods_IphoneIpadFirebase.framework */,
			);
			name = Frameworks;
			sourceTree = "<group>";
		};
/* End PBXGroup section */

/* Begin PBXNativeTarget section */
		CFE73A3A25B75D9D002DB2A6 /* IphoneIpadFirebase */ = {
			isa = PBXNativeTarget;
			buildConfigurationList = CFE73A4A25B75D9F002DB2A6 /* Build configuration list for PBXNativeTarget "IphoneIpadFirebase" */;
			buildPhases = (
				C343F69BF1A0CBDD0F6C7940 /* [CP] Check Pods Manifest.lock */,
				CFE73A3725B75D9D002DB2A6 /* Sources */,
				CFE73A3825B75D9D002DB2A6 /* Frameworks */,
				CFE73A3925B75D9D002DB2A6 /* Resources */,
				B0344AD34F97F864EC0894D4 /* [CP] Embed Pods Frameworks */,
			);
			buildRules = (
			);
			dependencies = (
			);
			name = IphoneIpadFirebase;
			productName = IphoneIpadFirebase;
			productReference = CFE73A3B25B75D9D002DB2A6 /* IphoneIpadFirebase.app */;
			productType = "com.apple.product-type.application";
		};
/* End PBXNativeTarget section */

/* Begin PBXProject section */
		CFE73A3325B75D9D002DB2A6 /* Project object */ = {
			isa = PBXProject;
			attributes = {
				LastSwiftUpdateCheck = 1230;
				LastUpgradeCheck = 1230;
				TargetAttributes = {
					CFE73A3A25B75D9D002DB2A6 = {
						CreatedOnToolsVersion = 12.3;
					};
				};
			};
			buildConfigurationList = CFE73A3625B75D9D002DB2A6 /* Build configuration list for PBXProject "IphoneIpadFirebase" */;
			compatibilityVersion = "Xcode 9.3";
			developmentRegion = en;
			hasScannedForEncodings = 0;
			knownRegions = (
				en,
				Base,
			);
			mainGroup = CFE73A3225B75D9D002DB2A6;
			productRefGroup = CFE73A3C25B75D9D002DB2A6 /* Products */;
			projectDirPath = "";
			projectRoot = "";
			targets = (
				CFE73A3A25B75D9D002DB2A6 /* IphoneIpadFirebase */,
			);
		};
/* End PBXProject section */

/* Begin PBXResourcesBuildPhase section */
		CFE73A3925B75D9D002DB2A6 /* Resources */ = {
			isa = PBXResourcesBuildPhase;
			buildActionMask = 2147483647;
			files = (
				CFE73A4625B75D9F002DB2A6 /* Preview Assets.xcassets in Resources */,
				CFE73A4325B75D9F002DB2A6 /* Assets.xcassets in Resources */,
				89BBCC642684302B0047E67E /* GoogleService-Info.plist in Resources */,
			);
			runOnlyForDeploymentPostprocessing = 0;
		};
/* End PBXResourcesBuildPhase section */

/* Begin PBXShellScriptBuildPhase section */
		B0344AD34F97F864EC0894D4 /* [CP] Embed Pods Frameworks */ = {
			isa = PBXShellScriptBuildPhase;
			buildActionMask = 2147483647;
			files = (
			);
			inputFileListPaths = (
				"${PODS_ROOT}/Target Support Files/Pods-IphoneIpadFirebase/Pods-IphoneIpadFirebase-frameworks-${CONFIGURATION}-input-files.xcfilelist",
			);
			name = "[CP] Embed Pods Frameworks";
			outputFileListPaths = (
				"${PODS_ROOT}/Target Support Files/Pods-IphoneIpadFirebase/Pods-IphoneIpadFirebase-frameworks-${CONFIGURATION}-output-files.xcfilelist",
			);
			runOnlyForDeploymentPostprocessing = 0;
			shellPath = /bin/sh;
			shellScript = "\"${PODS_ROOT}/Target Support Files/Pods-IphoneIpadFirebase/Pods-IphoneIpadFirebase-frameworks.sh\"\n";
			showEnvVarsInLog = 0;
		};
		C343F69BF1A0CBDD0F6C7940 /* [CP] Check Pods Manifest.lock */ = {
			isa = PBXShellScriptBuildPhase;
			buildActionMask = 2147483647;
			files = (
			);
			inputFileListPaths = (
			);
			inputPaths = (
				"${PODS_PODFILE_DIR_PATH}/Podfile.lock",
				"${PODS_ROOT}/Manifest.lock",
			);
			name = "[CP] Check Pods Manifest.lock";
			outputFileListPaths = (
			);
			outputPaths = (
				"$(DERIVED_FILE_DIR)/Pods-IphoneIpadFirebase-checkManifestLockResult.txt",
			);
			runOnlyForDeploymentPostprocessing = 0;
			shellPath = /bin/sh;
			shellScript = "diff \"${PODS_PODFILE_DIR_PATH}/Podfile.lock\" \"${PODS_ROOT}/Manifest.lock\" > /dev/null\nif [ $? != 0 ] ; then\n    # print error to STDERR\n    echo \"error: The sandbox is not in sync with the Podfile.lock. Run 'pod install' or update your CocoaPods installation.\" >&2\n    exit 1\nfi\n# This output is used by Xcode 'outputs' to avoid re-running this script phase.\necho \"SUCCESS\" > \"${SCRIPT_OUTPUT_FILE_0}\"\n";
			showEnvVarsInLog = 0;
		};
/* End PBXShellScriptBuildPhase section */

/* Begin PBXSourcesBuildPhase section */
		CFE73A3725B75D9D002DB2A6 /* Sources */ = {
			isa = PBXSourcesBuildPhase;
			buildActionMask = 2147483647;
			files = (
				8924626C26883A1900025870 /* EditarView.swift in Sources */,
				89A0561D2686EDC3002FDBE0 /* ListView.swift in Sources */,
				CFE73A4125B75D9D002DB2A6 /* ContentView.swift in Sources */,
				CFE73A5425B7653E002DB2A6 /* NavBar.swift in Sources */,
				89A056162686DA9E002FDBE0 /* PortadaViewModel.swift in Sources */,
				CFE73A5A25B76559002DB2A6 /* ButtonView.swift in Sources */,
				CFE73A5125B76522002DB2A6 /* Home.swift in Sources */,
				89F38A4826851994002427BE /* Register.swift in Sources */,
				89BBCC7C2684478E0047E67E /* AppDelegate.swift in Sources */,
				89F38A4B26858AAB002427BE /* AddView.swift in Sources */,
				CFE73A3F25B75D9D002DB2A6 /* IphoneIpadFirebaseApp.swift in Sources */,
				89BBCC8326845E800047E67E /* Login.swift in Sources */,
				89F38A4E2685BBB0002427BE /* ImagePicker.swift in Sources */,
				CFE73A5725B7654B002DB2A6 /* CardView.swift in Sources */,
				89BBCC80268449B00047E67E /* FirebaseViewModel.swift in Sources */,
				89A056192686DC21002FDBE0 /* ImagenFirebase.swift in Sources */,
				89A056132686CECA002FDBE0 /* FirebaseModel.swift in Sources */,
			);
			runOnlyForDeploymentPostprocessing = 0;
		};
/* End PBXSourcesBuildPhase section */

/* Begin XCBuildConfiguration section */
		CFE73A4825B75D9F002DB2A6 /* Debug */ = {
			isa = XCBuildConfiguration;
			buildSettings = {
				ALWAYS_SEARCH_USER_PATHS = NO;
				CLANG_ANALYZER_NONNULL = YES;
				CLANG_ANALYZER_NUMBER_OBJECT_CONVERSION = YES_AGGRESSIVE;
				CLANG_CXX_LANGUAGE_STANDARD = "gnu++14";
				CLANG_CXX_LIBRARY = "libc++";
				CLANG_ENABLE_MODULES = YES;
				CLANG_ENABLE_OBJC_ARC = YES;
				CLANG_ENABLE_OBJC_WEAK = YES;
				CLANG_WARN_BLOCK_CAPTURE_AUTORELEASING = YES;
				CLANG_WARN_BOOL_CONVERSION = YES;
				CLANG_WARN_COMMA = YES;
				CLANG_WARN_CONSTANT_CONVERSION = YES;
				CLANG_WARN_DEPRECATED_OBJC_IMPLEMENTATIONS = YES;
				CLANG_WARN_DIRECT_OBJC_ISA_USAGE = YES_ERROR;
				CLANG_WARN_DOCUMENTATION_COMMENTS = YES;
				CLANG_WARN_EMPTY_BODY = YES;
				CLANG_WARN_ENUM_CONVERSION = YES;
				CLANG_WARN_INFINITE_RECURSION = YES;
				CLANG_WARN_INT_CONVERSION = YES;
				CLANG_WARN_NON_LITERAL_NULL_CONVERSION = YES;
				CLANG_WARN_OBJC_IMPLICIT_RETAIN_SELF = YES;
				CLANG_WARN_OBJC_LITERAL_CONVERSION = YES;
				CLANG_WARN_OBJC_ROOT_CLASS = YES_ERROR;
				CLANG_WARN_QUOTED_INCLUDE_IN_FRAMEWORK_HEADER = YES;
				CLANG_WARN_RANGE_LOOP_ANALYSIS = YES;
				CLANG_WARN_STRICT_PROTOTYPES = YES;
				CLANG_WARN_SUSPICIOUS_MOVE = YES;
				CLANG_WARN_UNGUARDED_AVAILABILITY = YES_AGGRESSIVE;
				CLANG_WARN_UNREACHABLE_CODE = YES;
				CLANG_WARN__DUPLICATE_METHOD_MATCH = YES;
				COPY_PHASE_STRIP = NO;
				DEBUG_INFORMATION_FORMAT = dwarf;
				ENABLE_STRICT_OBJC_MSGSEND = YES;
				ENABLE_TESTABILITY = YES;
				GCC_C_LANGUAGE_STANDARD = gnu11;
				GCC_DYNAMIC_NO_PIC = NO;
				GCC_NO_COMMON_BLOCKS = YES;
				GCC_OPTIMIZATION_LEVEL = 0;
				GCC_PREPROCESSOR_DEFINITIONS = (
					"DEBUG=1",
					"$(inherited)",
				);
				GCC_WARN_64_TO_32_BIT_CONVERSION = YES;
				GCC_WARN_ABOUT_RETURN_TYPE = YES_ERROR;
				GCC_WARN_UNDECLARED_SELECTOR = YES;
				GCC_WARN_UNINITIALIZED_AUTOS = YES_AGGRESSIVE;
				GCC_WARN_UNUSED_FUNCTION = YES;
				GCC_WARN_UNUSED_VARIABLE = YES;
				IPHONEOS_DEPLOYMENT_TARGET = 14.3;
				MTL_ENABLE_DEBUG_INFO = INCLUDE_SOURCE;
				MTL_FAST_MATH = YES;
				ONLY_ACTIVE_ARCH = YES;
				SDKROOT = iphoneos;
				SWIFT_ACTIVE_COMPILATION_CONDITIONS = DEBUG;
				SWIFT_OPTIMIZATION_LEVEL = "-Onone";
			};
			name = Debug;
		};
		CFE73A4925B75D9F002DB2A6 /* Release */ = {
			isa = XCBuildConfiguration;
			buildSettings = {
				ALWAYS_SEARCH_USER_PATHS = NO;
				CLANG_ANALYZER_NONNULL = YES;
				CLANG_ANALYZER_NUMBER_OBJECT_CONVERSION = YES_AGGRESSIVE;
				CLANG_CXX_LANGUAGE_STANDARD = "gnu++14";
				CLANG_CXX_LIBRARY = "libc++";
				CLANG_ENABLE_MODULES = YES;
				CLANG_ENABLE_OBJC_ARC = YES;
				CLANG_ENABLE_OBJC_WEAK = YES;
				CLANG_WARN_BLOCK_CAPTURE_AUTORELEASING = YES;
				CLANG_WARN_BOOL_CONVERSION = YES;
				CLANG_WARN_COMMA = YES;
				CLANG_WARN_CONSTANT_CONVERSION = YES;
				CLANG_WARN_DEPRECATED_OBJC_IMPLEMENTATIONS = YES;
				CLANG_WARN_DIRECT_OBJC_ISA_USAGE = YES_ERROR;
				CLANG_WARN_DOCUMENTATION_COMMENTS = YES;
				CLANG_WARN_EMPTY_BODY = YES;
				CLANG_WARN_ENUM_CONVERSION = YES;
				CLANG_WARN_INFINITE_RECURSION = YES;
				CLANG_WARN_INT_CONVERSION = YES;
				CLANG_WARN_NON_LITERAL_NULL_CONVERSION = YES;
				CLANG_WARN_OBJC_IMPLICIT_RETAIN_SELF = YES;
				CLANG_WARN_OBJC_LITERAL_CONVERSION = YES;
				CLANG_WARN_OBJC_ROOT_CLASS = YES_ERROR;
				CLANG_WARN_QUOTED_INCLUDE_IN_FRAMEWORK_HEADER = YES;
				CLANG_WARN_RANGE_LOOP_ANALYSIS = YES;
				CLANG_WARN_STRICT_PROTOTYPES = YES;
				CLANG_WARN_SUSPICIOUS_MOVE = YES;
				CLANG_WARN_UNGUARDED_AVAILABILITY = YES_AGGRESSIVE;
				CLANG_WARN_UNREACHABLE_CODE = YES;
				CLANG_WARN__DUPLICATE_METHOD_MATCH = YES;
				COPY_PHASE_STRIP = NO;
				DEBUG_INFORMATION_FORMAT = "dwarf-with-dsym";
				ENABLE_NS_ASSERTIONS = NO;
				ENABLE_STRICT_OBJC_MSGSEND = YES;
				GCC_C_LANGUAGE_STANDARD = gnu11;
				GCC_NO_COMMON_BLOCKS = YES;
				GCC_WARN_64_TO_32_BIT_CONVERSION = YES;
				GCC_WARN_ABOUT_RETURN_TYPE = YES_ERROR;
				GCC_WARN_UNDECLARED_SELECTOR = YES;
				GCC_WARN_UNINITIALIZED_AUTOS = YES_AGGRESSIVE;
				GCC_WARN_UNUSED_FUNCTION = YES;
				GCC_WARN_UNUSED_VARIABLE = YES;
				IPHONEOS_DEPLOYMENT_TARGET = 14.3;
				MTL_ENABLE_DEBUG_INFO = NO;
				MTL_FAST_MATH = YES;
				SDKROOT = iphoneos;
				SWIFT_COMPILATION_MODE = wholemodule;
				SWIFT_OPTIMIZATION_LEVEL = "-O";
				VALIDATE_PRODUCT = YES;
			};
			name = Release;
		};
		CFE73A4B25B75D9F002DB2A6 /* Debug */ = {
			isa = XCBuildConfiguration;
			baseConfigurationReference = 5E0E50457CBA6B9CB2034A1B /* Pods-IphoneIpadFirebase.debug.xcconfig */;
			buildSettings = {
				ASSETCATALOG_COMPILER_APPICON_NAME = AppIcon;
				ASSETCATALOG_COMPILER_GLOBAL_ACCENT_COLOR_NAME = AccentColor;
				CODE_SIGN_STYLE = Automatic;
				DEVELOPMENT_ASSET_PATHS = "\"IphoneIpadFirebase/Preview Content\"";
				DEVELOPMENT_TEAM = 6QNXMD5AL4;
				ENABLE_PREVIEWS = YES;
				INFOPLIST_FILE = IphoneIpadFirebase/Info.plist;
				IPHONEOS_DEPLOYMENT_TARGET = 14.0;
				LD_RUNPATH_SEARCH_PATHS = (
					"$(inherited)",
					"@executable_path/Frameworks",
				);
				PRODUCT_BUNDLE_IDENTIFIER = com.jorge.IphoneIpadFirebase;
				PRODUCT_NAME = "$(TARGET_NAME)";
				SWIFT_VERSION = 5.0;
				TARGETED_DEVICE_FAMILY = "1,2";
			};
			name = Debug;
		};
		CFE73A4C25B75D9F002DB2A6 /* Release */ = {
			isa = XCBuildConfiguration;
			baseConfigurationReference = AE2BAEB3C909625A448EF146 /* Pods-IphoneIpadFirebase.release.xcconfig */;
			buildSettings = {
				ASSETCATALOG_COMPILER_APPICON_NAME = AppIcon;
				ASSETCATALOG_COMPILER_GLOBAL_ACCENT_COLOR_NAME = AccentColor;
				CODE_SIGN_STYLE = Manual;
				DEVELOPMENT_ASSET_PATHS = "\"IphoneIpadFirebase/Preview Content\"";
				DEVELOPMENT_TEAM = "";
				ENABLE_PREVIEWS = YES;
				INFOPLIST_FILE = IphoneIpadFirebase/Info.plist;
				IPHONEOS_DEPLOYMENT_TARGET = 14.0;
				LD_RUNPATH_SEARCH_PATHS = (
					"$(inherited)",
					"@executable_path/Frameworks",
				);
				PRODUCT_BUNDLE_IDENTIFIER = com.jorge.IphoneIpadFirebase;
				PRODUCT_NAME = "$(TARGET_NAME)";
				PROVISIONING_PROFILE_SPECIFIER = "";
				SWIFT_VERSION = 5.0;
				TARGETED_DEVICE_FAMILY = "1,2";
			};
			name = Release;
		};
/* End XCBuildConfiguration section */

/* Begin XCConfigurationList section */
		CFE73A3625B75D9D002DB2A6 /* Build configuration list for PBXProject "IphoneIpadFirebase" */ = {
			isa = XCConfigurationList;
			buildConfigurations = (
				CFE73A4825B75D9F002DB2A6 /* Debug */,
				CFE73A4925B75D9F002DB2A6 /* Release */,
			);
			defaultConfigurationIsVisible = 0;
			defaultConfigurationName = Release;
		};
		CFE73A4A25B75D9F002DB2A6 /* Build configuration list for PBXNativeTarget "IphoneIpadFirebase" */ = {
			isa = XCConfigurationList;
			buildConfigurations = (
				CFE73A4B25B75D9F002DB2A6 /* Debug */,
				CFE73A4C25B75D9F002DB2A6 /* Release */,
			);
			defaultConfigurationIsVisible = 0;
			defaultConfigurationName = Release;
		};
/* End XCConfigurationList section */
	};
	rootObject = CFE73A3325B75D9D002DB2A6 /* Project object */;
}
